// !$*UTF8*$!
{
	archiveVersion = 1;
	classes = {
	};
	objectVersion = 55;
	objects = {

/* Begin PBXBuildFile section */
		10BDF3182871D036007AE9BD /* AppDelegate.swift in Sources */ = {isa = PBXBuildFile; fileRef = 10BDF3172871D036007AE9BD /* AppDelegate.swift */; };
		10BDF31C2871D036007AE9BD /* ViewController.swift in Sources */ = {isa = PBXBuildFile; fileRef = 10BDF31B2871D036007AE9BD /* ViewController.swift */; };
		10BDF31F2871D036007AE9BD /* Main.storyboard in Resources */ = {isa = PBXBuildFile; fileRef = 10BDF31D2871D036007AE9BD /* Main.storyboard */; };
		10BDF3212871D038007AE9BD /* Assets.xcassets in Resources */ = {isa = PBXBuildFile; fileRef = 10BDF3202871D038007AE9BD /* Assets.xcassets */; };
		10BDF3242871D038007AE9BD /* LaunchScreen.storyboard in Resources */ = {isa = PBXBuildFile; fileRef = 10BDF3222871D038007AE9BD /* LaunchScreen.storyboard */; };
		10BDF32F2871D038007AE9BD /* MessagingAppChallengeiOS11Tests.swift in Sources */ = {isa = PBXBuildFile; fileRef = 10BDF32E2871D038007AE9BD /* MessagingAppChallengeiOS11Tests.swift */; };
		10BDF3392871D038007AE9BD /* MessagingAppChallengeiOS11UITests.swift in Sources */ = {isa = PBXBuildFile; fileRef = 10BDF3382871D038007AE9BD /* MessagingAppChallengeiOS11UITests.swift */; };
		10BDF33B2871D039007AE9BD /* MessagingAppChallengeiOS11UITestsLaunchTests.swift in Sources */ = {isa = PBXBuildFile; fileRef = 10BDF33A2871D039007AE9BD /* MessagingAppChallengeiOS11UITestsLaunchTests.swift */; };
		10BDF3492871D04C007AE9BD /* MarcsMessageWebSocketClient in Frameworks */ = {isa = PBXBuildFile; productRef = 10BDF3482871D04C007AE9BD /* MarcsMessageWebSocketClient */; };
		10BDF34D2871D230007AE9BD /* MessageModel.swift in Sources */ = {isa = PBXBuildFile; fileRef = 10BDF34B2871D230007AE9BD /* MessageModel.swift */; };
		10BDF34E2871D230007AE9BD /* MessageListViewModel.swift in Sources */ = {isa = PBXBuildFile; fileRef = 10BDF34C2871D230007AE9BD /* MessageListViewModel.swift */; };
		10BDF3512871D2C3007AE9BD /* MessageListDataManager.swift in Sources */ = {isa = PBXBuildFile; fileRef = 10BDF3502871D2C3007AE9BD /* MessageListDataManager.swift */; };
		10BDF3532871DB0C007AE9BD /* MessageCollectionViewCell.swift in Sources */ = {isa = PBXBuildFile; fileRef = 10BDF3522871DB0C007AE9BD /* MessageCollectionViewCell.swift */; };
/* End PBXBuildFile section */

/* Begin PBXContainerItemProxy section */
		10BDF32B2871D038007AE9BD /* PBXContainerItemProxy */ = {
			isa = PBXContainerItemProxy;
			containerPortal = 10BDF30C2871D036007AE9BD /* Project object */;
			proxyType = 1;
			remoteGlobalIDString = 10BDF3132871D036007AE9BD;
			remoteInfo = MessagingAppChallengeiOS11;
		};
		10BDF3352871D038007AE9BD /* PBXContainerItemProxy */ = {
			isa = PBXContainerItemProxy;
			containerPortal = 10BDF30C2871D036007AE9BD /* Project object */;
			proxyType = 1;
			remoteGlobalIDString = 10BDF3132871D036007AE9BD;
			remoteInfo = MessagingAppChallengeiOS11;
		};
/* End PBXContainerItemProxy section */

/* Begin PBXFileReference section */
		10BDF3142871D036007AE9BD /* MessagingAppChallengeiOS11.app */ = {isa = PBXFileReference; explicitFileType = wrapper.application; includeInIndex = 0; path = MessagingAppChallengeiOS11.app; sourceTree = BUILT_PRODUCTS_DIR; };
		10BDF3172871D036007AE9BD /* AppDelegate.swift */ = {isa = PBXFileReference; lastKnownFileType = sourcecode.swift; path = AppDelegate.swift; sourceTree = "<group>"; };
		10BDF31B2871D036007AE9BD /* ViewController.swift */ = {isa = PBXFileReference; lastKnownFileType = sourcecode.swift; path = ViewController.swift; sourceTree = "<group>"; };
		10BDF31E2871D036007AE9BD /* Base */ = {isa = PBXFileReference; lastKnownFileType = file.storyboard; name = Base; path = Base.lproj/Main.storyboard; sourceTree = "<group>"; };
		10BDF3202871D038007AE9BD /* Assets.xcassets */ = {isa = PBXFileReference; lastKnownFileType = folder.assetcatalog; path = Assets.xcassets; sourceTree = "<group>"; };
		10BDF3232871D038007AE9BD /* Base */ = {isa = PBXFileReference; lastKnownFileType = file.storyboard; name = Base; path = Base.lproj/LaunchScreen.storyboard; sourceTree = "<group>"; };
		10BDF3252871D038007AE9BD /* Info.plist */ = {isa = PBXFileReference; lastKnownFileType = text.plist.xml; path = Info.plist; sourceTree = "<group>"; };
		10BDF32A2871D038007AE9BD /* MessagingAppChallengeiOS11Tests.xctest */ = {isa = PBXFileReference; explicitFileType = wrapper.cfbundle; includeInIndex = 0; path = MessagingAppChallengeiOS11Tests.xctest; sourceTree = BUILT_PRODUCTS_DIR; };
		10BDF32E2871D038007AE9BD /* MessagingAppChallengeiOS11Tests.swift */ = {isa = PBXFileReference; lastKnownFileType = sourcecode.swift; path = MessagingAppChallengeiOS11Tests.swift; sourceTree = "<group>"; };
		10BDF3342871D038007AE9BD /* MessagingAppChallengeiOS11UITests.xctest */ = {isa = PBXFileReference; explicitFileType = wrapper.cfbundle; includeInIndex = 0; path = MessagingAppChallengeiOS11UITests.xctest; sourceTree = BUILT_PRODUCTS_DIR; };
		10BDF3382871D038007AE9BD /* MessagingAppChallengeiOS11UITests.swift */ = {isa = PBXFileReference; lastKnownFileType = sourcecode.swift; path = MessagingAppChallengeiOS11UITests.swift; sourceTree = "<group>"; };
		10BDF33A2871D039007AE9BD /* MessagingAppChallengeiOS11UITestsLaunchTests.swift */ = {isa = PBXFileReference; lastKnownFileType = sourcecode.swift; path = MessagingAppChallengeiOS11UITestsLaunchTests.swift; sourceTree = "<group>"; };
		10BDF34B2871D230007AE9BD /* MessageModel.swift */ = {isa = PBXFileReference; fileEncoding = 4; lastKnownFileType = sourcecode.swift; path = MessageModel.swift; sourceTree = "<group>"; };
		10BDF34C2871D230007AE9BD /* MessageListViewModel.swift */ = {isa = PBXFileReference; fileEncoding = 4; lastKnownFileType = sourcecode.swift; path = MessageListViewModel.swift; sourceTree = "<group>"; };
		10BDF3502871D2C3007AE9BD /* MessageListDataManager.swift */ = {isa = PBXFileReference; fileEncoding = 4; lastKnownFileType = sourcecode.swift; path = MessageListDataManager.swift; sourceTree = "<group>"; };
		10BDF3522871DB0C007AE9BD /* MessageCollectionViewCell.swift */ = {isa = PBXFileReference; lastKnownFileType = sourcecode.swift; path = MessageCollectionViewCell.swift; sourceTree = "<group>"; };
/* End PBXFileReference section */

/* Begin PBXFrameworksBuildPhase section */
		10BDF3112871D036007AE9BD /* Frameworks */ = {
			isa = PBXFrameworksBuildPhase;
			buildActionMask = 2147483647;
			files = (
				10BDF3492871D04C007AE9BD /* MarcsMessageWebSocketClient in Frameworks */,
			);
			runOnlyForDeploymentPostprocessing = 0;
		};
		10BDF3272871D038007AE9BD /* Frameworks */ = {
			isa = PBXFrameworksBuildPhase;
			buildActionMask = 2147483647;
			files = (
			);
			runOnlyForDeploymentPostprocessing = 0;
		};
		10BDF3312871D038007AE9BD /* Frameworks */ = {
			isa = PBXFrameworksBuildPhase;
			buildActionMask = 2147483647;
			files = (
			);
			runOnlyForDeploymentPostprocessing = 0;
		};
/* End PBXFrameworksBuildPhase section */

/* Begin PBXGroup section */
		10BDF30B2871D036007AE9BD = {
			isa = PBXGroup;
			children = (
				10BDF3162871D036007AE9BD /* MessagingAppChallengeiOS11 */,
				10BDF32D2871D038007AE9BD /* MessagingAppChallengeiOS11Tests */,
				10BDF3372871D038007AE9BD /* MessagingAppChallengeiOS11UITests */,
				10BDF3152871D036007AE9BD /* Products */,
			);
			sourceTree = "<group>";
		};
		10BDF3152871D036007AE9BD /* Products */ = {
			isa = PBXGroup;
			children = (
				10BDF3142871D036007AE9BD /* MessagingAppChallengeiOS11.app */,
				10BDF32A2871D038007AE9BD /* MessagingAppChallengeiOS11Tests.xctest */,
				10BDF3342871D038007AE9BD /* MessagingAppChallengeiOS11UITests.xctest */,
			);
			name = Products;
			sourceTree = "<group>";
		};
		10BDF3162871D036007AE9BD /* MessagingAppChallengeiOS11 */ = {
			isa = PBXGroup;
			children = (
				10BDF34F2871D2C3007AE9BD /* DataManager */,
				10BDF34A2871D1ED007AE9BD /* MessageList */,
				10BDF3172871D036007AE9BD /* AppDelegate.swift */,
				10BDF31B2871D036007AE9BD /* ViewController.swift */,
				10BDF31D2871D036007AE9BD /* Main.storyboard */,
				10BDF3202871D038007AE9BD /* Assets.xcassets */,
				10BDF3222871D038007AE9BD /* LaunchScreen.storyboard */,
				10BDF3252871D038007AE9BD /* Info.plist */,
			);
			path = MessagingAppChallengeiOS11;
			sourceTree = "<group>";
		};
		10BDF32D2871D038007AE9BD /* MessagingAppChallengeiOS11Tests */ = {
			isa = PBXGroup;
			children = (
				10BDF32E2871D038007AE9BD /* MessagingAppChallengeiOS11Tests.swift */,
			);
			path = MessagingAppChallengeiOS11Tests;
			sourceTree = "<group>";
		};
		10BDF3372871D038007AE9BD /* MessagingAppChallengeiOS11UITests */ = {
			isa = PBXGroup;
			children = (
				10BDF3382871D038007AE9BD /* MessagingAppChallengeiOS11UITests.swift */,
				10BDF33A2871D039007AE9BD /* MessagingAppChallengeiOS11UITestsLaunchTests.swift */,
			);
			path = MessagingAppChallengeiOS11UITests;
			sourceTree = "<group>";
		};
		10BDF34A2871D1ED007AE9BD /* MessageList */ = {
			isa = PBXGroup;
			children = (
				10BDF34C2871D230007AE9BD /* MessageListViewModel.swift */,
				10BDF34B2871D230007AE9BD /* MessageModel.swift */,
				10BDF3522871DB0C007AE9BD /* MessageCollectionViewCell.swift */,
			);
			path = MessageList;
			sourceTree = "<group>";
		};
		10BDF34F2871D2C3007AE9BD /* DataManager */ = {
			isa = PBXGroup;
			children = (
				10BDF3502871D2C3007AE9BD /* MessageListDataManager.swift */,
			);
			path = DataManager;
			sourceTree = "<group>";
		};
/* End PBXGroup section */

/* Begin PBXNativeTarget section */
		10BDF3132871D036007AE9BD /* MessagingAppChallengeiOS11 */ = {
			isa = PBXNativeTarget;
			buildConfigurationList = 10BDF33E2871D039007AE9BD /* Build configuration list for PBXNativeTarget "MessagingAppChallengeiOS11" */;
			buildPhases = (
				10BDF3102871D036007AE9BD /* Sources */,
				10BDF3112871D036007AE9BD /* Frameworks */,
				10BDF3122871D036007AE9BD /* Resources */,
			);
			buildRules = (
			);
			dependencies = (
			);
			name = MessagingAppChallengeiOS11;
			packageProductDependencies = (
				10BDF3482871D04C007AE9BD /* MarcsMessageWebSocketClient */,
			);
			productName = MessagingAppChallengeiOS11;
			productReference = 10BDF3142871D036007AE9BD /* MessagingAppChallengeiOS11.app */;
			productType = "com.apple.product-type.application";
		};
		10BDF3292871D038007AE9BD /* MessagingAppChallengeiOS11Tests */ = {
			isa = PBXNativeTarget;
			buildConfigurationList = 10BDF3412871D039007AE9BD /* Build configuration list for PBXNativeTarget "MessagingAppChallengeiOS11Tests" */;
			buildPhases = (
				10BDF3262871D038007AE9BD /* Sources */,
				10BDF3272871D038007AE9BD /* Frameworks */,
				10BDF3282871D038007AE9BD /* Resources */,
			);
			buildRules = (
			);
			dependencies = (
				10BDF32C2871D038007AE9BD /* PBXTargetDependency */,
			);
			name = MessagingAppChallengeiOS11Tests;
			productName = MessagingAppChallengeiOS11Tests;
			productReference = 10BDF32A2871D038007AE9BD /* MessagingAppChallengeiOS11Tests.xctest */;
			productType = "com.apple.product-type.bundle.unit-test";
		};
		10BDF3332871D038007AE9BD /* MessagingAppChallengeiOS11UITests */ = {
			isa = PBXNativeTarget;
			buildConfigurationList = 10BDF3442871D039007AE9BD /* Build configuration list for PBXNativeTarget "MessagingAppChallengeiOS11UITests" */;
			buildPhases = (
				10BDF3302871D038007AE9BD /* Sources */,
				10BDF3312871D038007AE9BD /* Frameworks */,
				10BDF3322871D038007AE9BD /* Resources */,
			);
			buildRules = (
			);
			dependencies = (
				10BDF3362871D038007AE9BD /* PBXTargetDependency */,
			);
			name = MessagingAppChallengeiOS11UITests;
			productName = MessagingAppChallengeiOS11UITests;
			productReference = 10BDF3342871D038007AE9BD /* MessagingAppChallengeiOS11UITests.xctest */;
			productType = "com.apple.product-type.bundle.ui-testing";
		};
/* End PBXNativeTarget section */

/* Begin PBXProject section */
		10BDF30C2871D036007AE9BD /* Project object */ = {
			isa = PBXProject;
			attributes = {
				BuildIndependentTargetsInParallel = 1;
				LastSwiftUpdateCheck = 1340;
				LastUpgradeCheck = 1340;
				TargetAttributes = {
					10BDF3132871D036007AE9BD = {
						CreatedOnToolsVersion = 13.4.1;
					};
					10BDF3292871D038007AE9BD = {
						CreatedOnToolsVersion = 13.4.1;
						TestTargetID = 10BDF3132871D036007AE9BD;
					};
					10BDF3332871D038007AE9BD = {
						CreatedOnToolsVersion = 13.4.1;
						TestTargetID = 10BDF3132871D036007AE9BD;
					};
				};
			};
			buildConfigurationList = 10BDF30F2871D036007AE9BD /* Build configuration list for PBXProject "MessagingAppChallengeiOS11" */;
			compatibilityVersion = "Xcode 13.0";
			developmentRegion = en;
			hasScannedForEncodings = 0;
			knownRegions = (
				en,
				Base,
			);
			mainGroup = 10BDF30B2871D036007AE9BD;
			packageReferences = (
				10BDF3472871D04C007AE9BD /* XCRemoteSwiftPackageReference "MarcsMessageWebSocketClient" */,
			);
			productRefGroup = 10BDF3152871D036007AE9BD /* Products */;
			projectDirPath = "";
			projectRoot = "";
			targets = (
				10BDF3132871D036007AE9BD /* MessagingAppChallengeiOS11 */,
				10BDF3292871D038007AE9BD /* MessagingAppChallengeiOS11Tests */,
				10BDF3332871D038007AE9BD /* MessagingAppChallengeiOS11UITests */,
			);
		};
/* End PBXProject section */

/* Begin PBXResourcesBuildPhase section */
		10BDF3122871D036007AE9BD /* Resources */ = {
			isa = PBXResourcesBuildPhase;
			buildActionMask = 2147483647;
			files = (
				10BDF3242871D038007AE9BD /* LaunchScreen.storyboard in Resources */,
				10BDF3212871D038007AE9BD /* Assets.xcassets in Resources */,
				10BDF31F2871D036007AE9BD /* Main.storyboard in Resources */,
			);
			runOnlyForDeploymentPostprocessing = 0;
		};
		10BDF3282871D038007AE9BD /* Resources */ = {
			isa = PBXResourcesBuildPhase;
			buildActionMask = 2147483647;
			files = (
			);
			runOnlyForDeploymentPostprocessing = 0;
		};
		10BDF3322871D038007AE9BD /* Resources */ = {
			isa = PBXResourcesBuildPhase;
			buildActionMask = 2147483647;
			files = (
			);
			runOnlyForDeploymentPostprocessing = 0;
		};
/* End PBXResourcesBuildPhase section */

/* Begin PBXSourcesBuildPhase section */
		10BDF3102871D036007AE9BD /* Sources */ = {
			isa = PBXSourcesBuildPhase;
			buildActionMask = 2147483647;
			files = (
				10BDF31C2871D036007AE9BD /* ViewController.swift in Sources */,
				10BDF3182871D036007AE9BD /* AppDelegate.swift in Sources */,
				10BDF34E2871D230007AE9BD /* MessageListViewModel.swift in Sources */,
				10BDF3512871D2C3007AE9BD /* MessageListDataManager.swift in Sources */,
				10BDF3532871DB0C007AE9BD /* MessageCollectionViewCell.swift in Sources */,
				10BDF34D2871D230007AE9BD /* MessageModel.swift in Sources */,
			);
			runOnlyForDeploymentPostprocessing = 0;
		};
		10BDF3262871D038007AE9BD /* Sources */ = {
			isa = PBXSourcesBuildPhase;
			buildActionMask = 2147483647;
			files = (
				10BDF32F2871D038007AE9BD /* MessagingAppChallengeiOS11Tests.swift in Sources */,
			);
			runOnlyForDeploymentPostprocessing = 0;
		};
		10BDF3302871D038007AE9BD /* Sources */ = {
			isa = PBXSourcesBuildPhase;
			buildActionMask = 2147483647;
			files = (
				10BDF3392871D038007AE9BD /* MessagingAppChallengeiOS11UITests.swift in Sources */,
				10BDF33B2871D039007AE9BD /* MessagingAppChallengeiOS11UITestsLaunchTests.swift in Sources */,
			);
			runOnlyForDeploymentPostprocessing = 0;
		};
/* End PBXSourcesBuildPhase section */

/* Begin PBXTargetDependency section */
		10BDF32C2871D038007AE9BD /* PBXTargetDependency */ = {
			isa = PBXTargetDependency;
			target = 10BDF3132871D036007AE9BD /* MessagingAppChallengeiOS11 */;
			targetProxy = 10BDF32B2871D038007AE9BD /* PBXContainerItemProxy */;
		};
		10BDF3362871D038007AE9BD /* PBXTargetDependency */ = {
			isa = PBXTargetDependency;
			target = 10BDF3132871D036007AE9BD /* MessagingAppChallengeiOS11 */;
			targetProxy = 10BDF3352871D038007AE9BD /* PBXContainerItemProxy */;
		};
/* End PBXTargetDependency section */

/* Begin PBXVariantGroup section */
		10BDF31D2871D036007AE9BD /* Main.storyboard */ = {
			isa = PBXVariantGroup;
			children = (
				10BDF31E2871D036007AE9BD /* Base */,
			);
			name = Main.storyboard;
			sourceTree = "<group>";
		};
		10BDF3222871D038007AE9BD /* LaunchScreen.storyboard */ = {
			isa = PBXVariantGroup;
			children = (
				10BDF3232871D038007AE9BD /* Base */,
			);
			name = LaunchScreen.storyboard;
			sourceTree = "<group>";
		};
/* End PBXVariantGroup section */

/* Begin XCBuildConfiguration section */
		10BDF33C2871D039007AE9BD /* Debug */ = {
			isa = XCBuildConfiguration;
			buildSettings = {
				ALWAYS_SEARCH_USER_PATHS = NO;
				CLANG_ANALYZER_NONNULL = YES;
				CLANG_ANALYZER_NUMBER_OBJECT_CONVERSION = YES_AGGRESSIVE;
				CLANG_CXX_LANGUAGE_STANDARD = "gnu++17";
				CLANG_ENABLE_MODULES = YES;
				CLANG_ENABLE_OBJC_ARC = YES;
				CLANG_ENABLE_OBJC_WEAK = YES;
				CLANG_WARN_BLOCK_CAPTURE_AUTORELEASING = YES;
				CLANG_WARN_BOOL_CONVERSION = YES;
				CLANG_WARN_COMMA = YES;
				CLANG_WARN_CONSTANT_CONVERSION = YES;
				CLANG_WARN_DEPRECATED_OBJC_IMPLEMENTATIONS = YES;
				CLANG_WARN_DIRECT_OBJC_ISA_USAGE = YES_ERROR;
				CLANG_WARN_DOCUMENTATION_COMMENTS = YES;
				CLANG_WARN_EMPTY_BODY = YES;
				CLANG_WARN_ENUM_CONVERSION = YES;
				CLANG_WARN_INFINITE_RECURSION = YES;
				CLANG_WARN_INT_CONVERSION = YES;
				CLANG_WARN_NON_LITERAL_NULL_CONVERSION = YES;
				CLANG_WARN_OBJC_IMPLICIT_RETAIN_SELF = YES;
				CLANG_WARN_OBJC_LITERAL_CONVERSION = YES;
				CLANG_WARN_OBJC_ROOT_CLASS = YES_ERROR;
				CLANG_WARN_QUOTED_INCLUDE_IN_FRAMEWORK_HEADER = YES;
				CLANG_WARN_RANGE_LOOP_ANALYSIS = YES;
				CLANG_WARN_STRICT_PROTOTYPES = YES;
				CLANG_WARN_SUSPICIOUS_MOVE = YES;
				CLANG_WARN_UNGUARDED_AVAILABILITY = YES_AGGRESSIVE;
				CLANG_WARN_UNREACHABLE_CODE = YES;
				CLANG_WARN__DUPLICATE_METHOD_MATCH = YES;
				COPY_PHASE_STRIP = NO;
				DEBUG_INFORMATION_FORMAT = dwarf;
				ENABLE_STRICT_OBJC_MSGSEND = YES;
				ENABLE_TESTABILITY = YES;
				GCC_C_LANGUAGE_STANDARD = gnu11;
				GCC_DYNAMIC_NO_PIC = NO;
				GCC_NO_COMMON_BLOCKS = YES;
				GCC_OPTIMIZATION_LEVEL = 0;
				GCC_PREPROCESSOR_DEFINITIONS = (
					"DEBUG=1",
					"$(inherited)",
				);
				GCC_WARN_64_TO_32_BIT_CONVERSION = YES;
				GCC_WARN_ABOUT_RETURN_TYPE = YES_ERROR;
				GCC_WARN_UNDECLARED_SELECTOR = YES;
				GCC_WARN_UNINITIALIZED_AUTOS = YES_AGGRESSIVE;
				GCC_WARN_UNUSED_FUNCTION = YES;
				GCC_WARN_UNUSED_VARIABLE = YES;
				IPHONEOS_DEPLOYMENT_TARGET = 11.0;
				MTL_ENABLE_DEBUG_INFO = INCLUDE_SOURCE;
				MTL_FAST_MATH = YES;
				ONLY_ACTIVE_ARCH = YES;
				SDKROOT = iphoneos;
				SWIFT_ACTIVE_COMPILATION_CONDITIONS = DEBUG;
				SWIFT_OPTIMIZATION_LEVEL = "-Onone";
			};
			name = Debug;
		};
		10BDF33D2871D039007AE9BD /* Release */ = {
			isa = XCBuildConfiguration;
			buildSettings = {
				ALWAYS_SEARCH_USER_PATHS = NO;
				CLANG_ANALYZER_NONNULL = YES;
				CLANG_ANALYZER_NUMBER_OBJECT_CONVERSION = YES_AGGRESSIVE;
				CLANG_CXX_LANGUAGE_STANDARD = "gnu++17";
				CLANG_ENABLE_MODULES = YES;
				CLANG_ENABLE_OBJC_ARC = YES;
				CLANG_ENABLE_OBJC_WEAK = YES;
				CLANG_WARN_BLOCK_CAPTURE_AUTORELEASING = YES;
				CLANG_WARN_BOOL_CONVERSION = YES;
				CLANG_WARN_COMMA = YES;
				CLANG_WARN_CONSTANT_CONVERSION = YES;
				CLANG_WARN_DEPRECATED_OBJC_IMPLEMENTATIONS = YES;
				CLANG_WARN_DIRECT_OBJC_ISA_USAGE = YES_ERROR;
				CLANG_WARN_DOCUMENTATION_COMMENTS = YES;
				CLANG_WARN_EMPTY_BODY = YES;
				CLANG_WARN_ENUM_CONVERSION = YES;
				CLANG_WARN_INFINITE_RECURSION = YES;
				CLANG_WARN_INT_CONVERSION = YES;
				CLANG_WARN_NON_LITERAL_NULL_CONVERSION = YES;
				CLANG_WARN_OBJC_IMPLICIT_RETAIN_SELF = YES;
				CLANG_WARN_OBJC_LITERAL_CONVERSION = YES;
				CLANG_WARN_OBJC_ROOT_CLASS = YES_ERROR;
				CLANG_WARN_QUOTED_INCLUDE_IN_FRAMEWORK_HEADER = YES;
				CLANG_WARN_RANGE_LOOP_ANALYSIS = YES;
				CLANG_WARN_STRICT_PROTOTYPES = YES;
				CLANG_WARN_SUSPICIOUS_MOVE = YES;
				CLANG_WARN_UNGUARDED_AVAILABILITY = YES_AGGRESSIVE;
				CLANG_WARN_UNREACHABLE_CODE = YES;
				CLANG_WARN__DUPLICATE_METHOD_MATCH = YES;
				COPY_PHASE_STRIP = NO;
				DEBUG_INFORMATION_FORMAT = "dwarf-with-dsym";
				ENABLE_NS_ASSERTIONS = NO;
				ENABLE_STRICT_OBJC_MSGSEND = YES;
				GCC_C_LANGUAGE_STANDARD = gnu11;
				GCC_NO_COMMON_BLOCKS = YES;
				GCC_WARN_64_TO_32_BIT_CONVERSION = YES;
				GCC_WARN_ABOUT_RETURN_TYPE = YES_ERROR;
				GCC_WARN_UNDECLARED_SELECTOR = YES;
				GCC_WARN_UNINITIALIZED_AUTOS = YES_AGGRESSIVE;
				GCC_WARN_UNUSED_FUNCTION = YES;
				GCC_WARN_UNUSED_VARIABLE = YES;
				IPHONEOS_DEPLOYMENT_TARGET = 11.0;
				MTL_ENABLE_DEBUG_INFO = NO;
				MTL_FAST_MATH = YES;
				SDKROOT = iphoneos;
				SWIFT_COMPILATION_MODE = wholemodule;
				SWIFT_OPTIMIZATION_LEVEL = "-O";
				VALIDATE_PRODUCT = YES;
			};
			name = Release;
		};
		10BDF33F2871D039007AE9BD /* Debug */ = {
			isa = XCBuildConfiguration;
			buildSettings = {
				ASSETCATALOG_COMPILER_APPICON_NAME = AppIcon;
				ASSETCATALOG_COMPILER_GLOBAL_ACCENT_COLOR_NAME = AccentColor;
				CODE_SIGN_STYLE = Automatic;
				CURRENT_PROJECT_VERSION = 1;
				DEVELOPMENT_TEAM = 5N58PPB89T;
				GENERATE_INFOPLIST_FILE = YES;
				INFOPLIST_FILE = MessagingAppChallengeiOS11/Info.plist;
				INFOPLIST_KEY_UIApplicationSupportsIndirectInputEvents = YES;
				INFOPLIST_KEY_UILaunchStoryboardName = LaunchScreen;
				INFOPLIST_KEY_UIMainStoryboardFile = Main;
				INFOPLIST_KEY_UISupportedInterfaceOrientations_iPad = "UIInterfaceOrientationPortrait UIInterfaceOrientationPortraitUpsideDown UIInterfaceOrientationLandscapeLeft UIInterfaceOrientationLandscapeRight";
				INFOPLIST_KEY_UISupportedInterfaceOrientations_iPhone = "UIInterfaceOrientationPortrait UIInterfaceOrientationLandscapeLeft UIInterfaceOrientationLandscapeRight";
				LD_RUNPATH_SEARCH_PATHS = (
					"$(inherited)",
					"@executable_path/Frameworks",
				);
				MARKETING_VERSION = 1.0;
				PRODUCT_BUNDLE_IDENTIFIER = com.mdstroebel.MessagingAppChallengeiOS11;
				PRODUCT_NAME = "$(TARGET_NAME)";
				SWIFT_EMIT_LOC_STRINGS = YES;
				SWIFT_VERSION = 5.0;
				TARGETED_DEVICE_FAMILY = "1,2";
			};
			name = Debug;
		};
		10BDF3402871D039007AE9BD /* Release */ = {
			isa = XCBuildConfiguration;
			buildSettings = {
				ASSETCATALOG_COMPILER_APPICON_NAME = AppIcon;
				ASSETCATALOG_COMPILER_GLOBAL_ACCENT_COLOR_NAME = AccentColor;
				CODE_SIGN_STYLE = Automatic;
				CURRENT_PROJECT_VERSION = 1;
				DEVELOPMENT_TEAM = 5N58PPB89T;
				GENERATE_INFOPLIST_FILE = YES;
				INFOPLIST_FILE = MessagingAppChallengeiOS11/Info.plist;
				INFOPLIST_KEY_UIApplicationSupportsIndirectInputEvents = YES;
				INFOPLIST_KEY_UILaunchStoryboardName = LaunchScreen;
				INFOPLIST_KEY_UIMainStoryboardFile = Main;
				INFOPLIST_KEY_UISupportedInterfaceOrientations_iPad = "UIInterfaceOrientationPortrait UIInterfaceOrientationPortraitUpsideDown UIInterfaceOrientationLandscapeLeft UIInterfaceOrientationLandscapeRight";
				INFOPLIST_KEY_UISupportedInterfaceOrientations_iPhone = "UIInterfaceOrientationPortrait UIInterfaceOrientationLandscapeLeft UIInterfaceOrientationLandscapeRight";
				LD_RUNPATH_SEARCH_PATHS = (
					"$(inherited)",
					"@executable_path/Frameworks",
				);
				MARKETING_VERSION = 1.0;
				PRODUCT_BUNDLE_IDENTIFIER = com.mdstroebel.MessagingAppChallengeiOS11;
				PRODUCT_NAME = "$(TARGET_NAME)";
				SWIFT_EMIT_LOC_STRINGS = YES;
				SWIFT_VERSION = 5.0;
				TARGETED_DEVICE_FAMILY = "1,2";
			};
			name = Release;
		};
		10BDF3422871D039007AE9BD /* Debug */ = {
			isa = XCBuildConfiguration;
			buildSettings = {
				ALWAYS_EMBED_SWIFT_STANDARD_LIBRARIES = YES;
				BUNDLE_LOADER = "$(TEST_HOST)";
				CODE_SIGN_STYLE = Automatic;
				CURRENT_PROJECT_VERSION = 1;
				DEVELOPMENT_TEAM = 5N58PPB89T;
				GENERATE_INFOPLIST_FILE = YES;
				IPHONEOS_DEPLOYMENT_TARGET = 15.5;
				MARKETING_VERSION = 1.0;
				PRODUCT_BUNDLE_IDENTIFIER = com.mdstroebel.MessagingAppChallengeiOS11Tests;
				PRODUCT_NAME = "$(TARGET_NAME)";
				SWIFT_EMIT_LOC_STRINGS = NO;
				SWIFT_VERSION = 5.0;
				TARGETED_DEVICE_FAMILY = "1,2";
				TEST_HOST = "$(BUILT_PRODUCTS_DIR)/MessagingAppChallengeiOS11.app/MessagingAppChallengeiOS11";
			};
			name = Debug;
		};
		10BDF3432871D039007AE9BD /* Release */ = {
			isa = XCBuildConfiguration;
			buildSettings = {
				ALWAYS_EMBED_SWIFT_STANDARD_LIBRARIES = YES;
				BUNDLE_LOADER = "$(TEST_HOST)";
				CODE_SIGN_STYLE = Automatic;
				CURRENT_PROJECT_VERSION = 1;
				DEVELOPMENT_TEAM = 5N58PPB89T;
				GENERATE_INFOPLIST_FILE = YES;
				IPHONEOS_DEPLOYMENT_TARGET = 15.5;
				MARKETING_VERSION = 1.0;
				PRODUCT_BUNDLE_IDENTIFIER = com.mdstroebel.MessagingAppChallengeiOS11Tests;
				PRODUCT_NAME = "$(TARGET_NAME)";
				SWIFT_EMIT_LOC_STRINGS = NO;
				SWIFT_VERSION = 5.0;
				TARGETED_DEVICE_FAMILY = "1,2";
				TEST_HOST = "$(BUILT_PRODUCTS_DIR)/MessagingAppChallengeiOS11.app/MessagingAppChallengeiOS11";
			};
			name = Release;
		};
		10BDF3452871D039007AE9BD /* Debug */ = {
			isa = XCBuildConfiguration;
			buildSettings = {
				ALWAYS_EMBED_SWIFT_STANDARD_LIBRARIES = YES;
				CODE_SIGN_STYLE = Automatic;
				CURRENT_PROJECT_VERSION = 1;
				DEVELOPMENT_TEAM = 5N58PPB89T;
				GENERATE_INFOPLIST_FILE = YES;
				MARKETING_VERSION = 1.0;
				PRODUCT_BUNDLE_IDENTIFIER = com.mdstroebel.MessagingAppChallengeiOS11UITests;
				PRODUCT_NAME = "$(TARGET_NAME)";
				SWIFT_EMIT_LOC_STRINGS = NO;
				SWIFT_VERSION = 5.0;
				TARGETED_DEVICE_FAMILY = "1,2";
				TEST_TARGET_NAME = MessagingAppChallengeiOS11;
			};
			name = Debug;
		};
		10BDF3462871D039007AE9BD /* Release */ = {
			isa = XCBuildConfiguration;
			buildSettings = {
				ALWAYS_EMBED_SWIFT_STANDARD_LIBRARIES = YES;
				CODE_SIGN_STYLE = Automatic;
				CURRENT_PROJECT_VERSION = 1;
				DEVELOPMENT_TEAM = 5N58PPB89T;
				GENERATE_INFOPLIST_FILE = YES;
				MARKETING_VERSION = 1.0;
				PRODUCT_BUNDLE_IDENTIFIER = com.mdstroebel.MessagingAppChallengeiOS11UITests;
				PRODUCT_NAME = "$(TARGET_NAME)";
				SWIFT_EMIT_LOC_STRINGS = NO;
				SWIFT_VERSION = 5.0;
				TARGETED_DEVICE_FAMILY = "1,2";
				TEST_TARGET_NAME = MessagingAppChallengeiOS11;
			};
			name = Release;
		};
/* End XCBuildConfiguration section */

/* Begin XCConfigurationList section */
		10BDF30F2871D036007AE9BD /* Build configuration list for PBXProject "MessagingAppChallengeiOS11" */ = {
			isa = XCConfigurationList;
			buildConfigurations = (
				10BDF33C2871D039007AE9BD /* Debug */,
				10BDF33D2871D039007AE9BD /* Release */,
			);
			defaultConfigurationIsVisible = 0;
			defaultConfigurationName = Release;
		};
		10BDF33E2871D039007AE9BD /* Build configuration list for PBXNativeTarget "MessagingAppChallengeiOS11" */ = {
			isa = XCConfigurationList;
			buildConfigurations = (
				10BDF33F2871D039007AE9BD /* Debug */,
				10BDF3402871D039007AE9BD /* Release */,
			);
			defaultConfigurationIsVisible = 0;
			defaultConfigurationName = Release;
		};
		10BDF3412871D039007AE9BD /* Build configuration list for PBXNativeTarget "MessagingAppChallengeiOS11Tests" */ = {
			isa = XCConfigurationList;
			buildConfigurations = (
				10BDF3422871D039007AE9BD /* Debug */,
				10BDF3432871D039007AE9BD /* Release */,
			);
			defaultConfigurationIsVisible = 0;
			defaultConfigurationName = Release;
		};
		10BDF3442871D039007AE9BD /* Build configuration list for PBXNativeTarget "MessagingAppChallengeiOS11UITests" */ = {
			isa = XCConfigurationList;
			buildConfigurations = (
				10BDF3452871D039007AE9BD /* Debug */,
				10BDF3462871D039007AE9BD /* Release */,
			);
			defaultConfigurationIsVisible = 0;
			defaultConfigurationName = Release;
		};
/* End XCConfigurationList section */

/* Begin XCRemoteSwiftPackageReference section */
		10BDF3472871D04C007AE9BD /* XCRemoteSwiftPackageReference "MarcsMessageWebSocketClient" */ = {
			isa = XCRemoteSwiftPackageReference;
			repositoryURL = "https://github.com/mdstroebel/MarcsMessageWebSocketClient";
			requirement = {
				branch = main;
				kind = branch;
			};
		};
/* End XCRemoteSwiftPackageReference section */

/* Begin XCSwiftPackageProductDependency section */
		10BDF3482871D04C007AE9BD /* MarcsMessageWebSocketClient */ = {
			isa = XCSwiftPackageProductDependency;
			package = 10BDF3472871D04C007AE9BD /* XCRemoteSwiftPackageReference "MarcsMessageWebSocketClient" */;
			productName = MarcsMessageWebSocketClient;
		};
/* End XCSwiftPackageProductDependency section */
	};
	rootObject = 10BDF30C2871D036007AE9BD /* Project object */;
}
